
Microsoft Visual Studio Solution File, Format Version 12.00
# Visual Studio Version 17
VisualStudioVersion = 17.11.35017.193
MinimumVisualStudioVersion = 10.0.40219.1
Project("{FAE04EC0-301F-11D3-BF4B-00C04F79EFBC}") = "PermissionTest", "PermissionTest\PermissionTest.csproj", "{3B49F286-1F78-4154-B479-87F516AE8910}"
EndProject
Global
	GlobalSection(SolutionConfigurationPlatforms) = preSolution
		Debug|Any CPU = Debug|Any CPU
		Release|Any CPU = Release|Any CPU
	EndGlobalSection
	GlobalSection(ProjectConfigurationPlatforms) = postSolution
		{3B49F286-1F78-4154-B479-87F516AE8910}.Debug|Any CPU.ActiveCfg = Debug|Any CPU
		{3B49F286-1F78-4154-B479-87F516AE8910}.Debug|Any CPU.Build.0 = Debug|Any CPU
		{3B49F286-1F78-4154-B479-87F516AE8910}.Debug|Any CPU.Deploy.0 = Debug|Any CPU
		{3B49F286-1F78-4154-B479-87F516AE8910}.Release|Any CPU.ActiveCfg = Release|Any CPU
		{3B49F286-1F78-4154-B479-87F516AE8910}.Release|Any CPU.Build.0 = Release|Any CPU
		{3B49F286-1F78-4154-B479-87F516AE8910}.Release|Any CPU.Deploy.0 = Release|Any CPU
	EndGlobalSection
	GlobalSection(SolutionProperties) = preSolution
		HideSolutionNode = FALSE
	EndGlobalSection
	GlobalSection(ExtensibilityGlobals) = postSolution
		SolutionGuid = {538A1181-3F50-4B65-B443-11486F219A9C}
	EndGlobalSection
EndGlobal
